{
  "name": "puretodo",
  "version": "1.0.0",
  "lockfileVersion": 1,
  "requires": true,
  "dependencies": {
    "abstract-leveldown": {
      "version": "6.0.3",
      "resolved": "https://registry.npm.taobao.org/abstract-leveldown/download/abstract-leveldown-6.0.3.tgz",
      "integrity": "sha1-tLYVk0PHSwxRl7KBeFR4LY90jEo=",
      "requires": {
        "level-concat-iterator": "~2.0.0",
        "xtend": "~4.0.0"
      }
    },
    "anymatch": {
      "version": "3.1.1",
      "resolved": "https://registry.npm.taobao.org/anymatch/download/anymatch-3.1.1.tgz",
      "integrity": "sha1-xV7PAhheJGklk5kxDBc84xIzsUI=",
      "dev": true,
      "requires": {
        "normalize-path": "^3.0.0",
        "picomatch": "^2.0.4"
      }
    },
    "argsarray": {
      "version": "0.0.1",
      "resolved": "https://registry.npm.taobao.org/argsarray/download/argsarray-0.0.1.tgz",
      "integrity": "sha1-bnIHtOzbObCviDA/pa4ivajfYcs="
    },
    "binary-extensions": {
      "version": "2.0.0",
      "resolved": "https://registry.npm.taobao.org/binary-extensions/download/binary-extensions-2.0.0.tgz",
      "integrity": "sha1-I8DfFPaogHf1+YbA0WfsA8PVU3w=",
      "dev": true
    },
    "braces": {
      "version": "3.0.2",
      "resolved": "https://registry.npm.taobao.org/braces/download/braces-3.0.2.tgz",
      "integrity": "sha1-NFThpGLujVmeI23zNs2epPiv4Qc=",
      "dev": true,
      "requires": {
        "fill-range": "^7.0.1"
      }
    },
    "buffer-from": {
      "version": "1.1.0",
      "resolved": "https://registry.npm.taobao.org/buffer-from/download/buffer-from-1.1.0.tgz",
      "integrity": "sha1-h/yqOimDWOCt5uRCz86EB0DRrQQ="
    },
    "chokidar": {
      "version": "3.3.0",
      "resolved": "https://registry.npm.taobao.org/chokidar/download/chokidar-3.3.0.tgz",
      "integrity": "sha1-EsBxRmjFWAD2WeJi1JYql/r1VKY=",
      "dev": true,
      "requires": {
        "anymatch": "~3.1.1",
        "braces": "~3.0.2",
        "fsevents": "~2.1.1",
        "glob-parent": "~5.1.0",
        "is-binary-path": "~2.1.0",
        "is-glob": "~4.0.1",
        "normalize-path": "~3.0.0",
        "readdirp": "~3.2.0"
      }
    },
    "clone-buffer": {
      "version": "1.0.0",
      "resolved": "https://registry.npm.taobao.org/clone-buffer/download/clone-buffer-1.0.0.tgz",
      "integrity": "sha1-4+JbIHrE5wGvch4staFnksrD3Fg="
    },
    "core-util-is": {
      "version": "1.0.2",
      "resolved": "https://registry.npm.taobao.org/core-util-is/download/core-util-is-1.0.2.tgz",
      "integrity": "sha1-tf1UIgqivFq1eqtxQMlAdUUDwac="
    },
    "deferred-leveldown": {
      "version": "5.3.0",
      "resolved": "https://registry.npm.taobao.org/deferred-leveldown/download/deferred-leveldown-5.3.0.tgz",
      "integrity": "sha1-J6mXrZVAi2EWGqab1Im4bHG3gFg=",
      "requires": {
        "abstract-leveldown": "~6.2.1",
        "inherits": "^2.0.3"
      },
      "dependencies": {
        "abstract-leveldown": {
          "version": "6.2.2",
          "resolved": "https://registry.npm.taobao.org/abstract-leveldown/download/abstract-leveldown-6.2.2.tgz",
          "integrity": "sha1-Z3QlvusoIENnx2OeJk6T6ktJlxo=",
          "requires": {
            "level-concat-iterator": "~2.0.0",
            "level-supports": "~1.0.0",
            "xtend": "~4.0.0"
          }
        }
      }
    },
    "double-ended-queue": {
      "version": "2.1.0-0",
      "resolved": "https://registry.npm.taobao.org/double-ended-queue/download/double-ended-queue-2.1.0-0.tgz",
      "integrity": "sha1-ED01J/0xUo9AGIEwyEHv3XgmTlw="
    },
    "encoding-down": {
      "version": "6.3.0",
      "resolved": "https://registry.npm.taobao.org/encoding-down/download/encoding-down-6.3.0.tgz",
      "integrity": "sha1-scTrDhcowUbsrvjjKWPFSedtCCs=",
      "requires": {
        "abstract-leveldown": "^6.2.1",
        "inherits": "^2.0.3",
        "level-codec": "^9.0.0",
        "level-errors": "^2.0.0"
      },
      "dependencies": {
        "abstract-leveldown": {
          "version": "6.2.2",
          "resolved": "https://registry.npm.taobao.org/abstract-leveldown/download/abstract-leveldown-6.2.2.tgz",
          "integrity": "sha1-Z3QlvusoIENnx2OeJk6T6ktJlxo=",
          "requires": {
            "level-concat-iterator": "~2.0.0",
            "level-supports": "~1.0.0",
            "xtend": "~4.0.0"
          }
        }
      }
    },
    "end-stream": {
      "version": "0.1.0",
      "resolved": "https://registry.npm.taobao.org/end-stream/download/end-stream-0.1.0.tgz",
      "integrity": "sha1-MgA/P0OKKwFDFoE3+PpumGbIHtU=",
      "requires": {
        "write-stream": "~0.4.3"
      }
    },
    "errno": {
      "version": "0.1.7",
      "resolved": "https://registry.npm.taobao.org/errno/download/errno-0.1.7.tgz",
      "integrity": "sha1-RoTXF3mtOa8Xfj8AeZb3xnyFJhg=",
      "requires": {
        "prr": "~1.0.1"
      }
    },
    "es6-denodeify": {
      "version": "0.1.5",
      "resolved": "https://registry.npm.taobao.org/es6-denodeify/download/es6-denodeify-0.1.5.tgz",
      "integrity": "sha1-MdTV/pxVA+ElRgQ5MQ4WoqPznB8="
    },
    "fast-future": {
      "version": "1.0.2",
      "resolved": "https://registry.npm.taobao.org/fast-future/download/fast-future-1.0.2.tgz",
      "integrity": "sha1-hDWpqqAteSSNF9cE52JZMB2ZKAo="
    },
    "fetch-cookie": {
      "version": "0.7.0",
      "resolved": "https://registry.npm.taobao.org/fetch-cookie/download/fetch-cookie-0.7.0.tgz",
      "integrity": "sha1-pvwTetg2OqiRJYZMZFG4bst96AI=",
      "requires": {
        "es6-denodeify": "^0.1.1",
        "tough-cookie": "^2.3.1"
      }
    },
    "fill-range": {
      "version": "7.0.1",
      "resolved": "https://registry.npm.taobao.org/fill-range/download/fill-range-7.0.1.tgz",
      "integrity": "sha1-GRmmp8df44ssfHflGYU12prN2kA=",
      "dev": true,
      "requires": {
        "to-regex-range": "^5.0.1"
      }
    },
    "fsevents": {
      "version": "2.1.1",
      "resolved": "https://registry.npm.taobao.org/fsevents/download/fsevents-2.1.1.tgz",
      "integrity": "sha1-dMZOId9xchhF0MRP5Ut/Vrgplak=",
      "dev": true,
      "optional": true
    },
    "glob-parent": {
      "version": "5.1.0",
      "resolved": "https://registry.npm.taobao.org/glob-parent/download/glob-parent-5.1.0.tgz?cache=0&sync_timestamp=1569108917227&other_urls=https%3A%2F%2Fregistry.npm.taobao.org%2Fglob-parent%2Fdownload%2Fglob-parent-5.1.0.tgz",
      "integrity": "sha1-X0wdHnSNMM1zrSlEs1d6gbCB6MI=",
      "dev": true,
      "requires": {
        "is-glob": "^4.0.1"
      }
    },
    "immediate": {
      "version": "3.0.6",
      "resolved": "https://registry.npm.taobao.org/immediate/download/immediate-3.0.6.tgz",
      "integrity": "sha1-nbHb0Pr43m++D13V5Wu2BigN5ps="
    },
    "inherits": {
      "version": "2.0.4",
      "resolved": "https://registry.npm.taobao.org/inherits/download/inherits-2.0.4.tgz?cache=0&other_urls=https%3A%2F%2Fregistry.npm.taobao.org%2Finherits%2Fdownload%2Finherits-2.0.4.tgz",
      "integrity": "sha1-D6LGT5MpF8NDOg3tVTY6rjdBa3w="
    },
    "is-binary-path": {
      "version": "2.1.0",
      "resolved": "https://registry.npm.taobao.org/is-binary-path/download/is-binary-path-2.1.0.tgz",
      "integrity": "sha1-6h9/O4DwZCNug0cPhsCcJU+0Wwk=",
      "dev": true,
      "requires": {
        "binary-extensions": "^2.0.0"
      }
    },
    "is-extglob": {
      "version": "2.1.1",
      "resolved": "https://registry.npm.taobao.org/is-extglob/download/is-extglob-2.1.1.tgz",
      "integrity": "sha1-qIwCU1eR8C7TfHahueqXc8gz+MI=",
      "dev": true
    },
    "is-glob": {
      "version": "4.0.1",
      "resolved": "https://registry.npm.taobao.org/is-glob/download/is-glob-4.0.1.tgz",
      "integrity": "sha1-dWfb6fL14kZ7x3q4PEopSCQHpdw=",
      "dev": true,
      "requires": {
        "is-extglob": "^2.1.1"
      }
    },
    "is-number": {
      "version": "7.0.0",
      "resolved": "https://registry.npm.taobao.org/is-number/download/is-number-7.0.0.tgz",
      "integrity": "sha1-dTU0W4lnNNX4DE0GxQlVUnoU8Ss=",
      "dev": true
    },
    "is-typedarray": {
      "version": "1.0.0",
      "resolved": "https://registry.npm.taobao.org/is-typedarray/download/is-typedarray-1.0.0.tgz",
      "integrity": "sha1-5HnICFjfDBsR3dppQPlgEfzaSpo="
    },
    "isarray": {
      "version": "1.0.0",
      "resolved": "https://registry.npm.taobao.org/isarray/download/isarray-1.0.0.tgz?cache=0&sync_timestamp=1562592096220&other_urls=https%3A%2F%2Fregistry.npm.taobao.org%2Fisarray%2Fdownload%2Fisarray-1.0.0.tgz",
      "integrity": "sha1-u5NdSFgsuhaMBoNJV6VKPgcSTxE="
    },
    "level": {
      "version": "5.0.1",
      "resolved": "https://registry.npm.taobao.org/level/download/level-5.0.1.tgz",
      "integrity": "sha1-hSjMHuN6xBMnASmh6rk4xhC+PMs=",
      "requires": {
        "level-js": "^4.0.0",
        "level-packager": "^5.0.0",
        "leveldown": "^5.0.0",
        "opencollective-postinstall": "^2.0.0"
      }
    },
    "level-codec": {
      "version": "9.0.1",
      "resolved": "https://registry.npm.taobao.org/level-codec/download/level-codec-9.0.1.tgz",
      "integrity": "sha1-BC9KqF5W1DKKzjaMlQgRuoArckc="
    },
    "level-concat-iterator": {
      "version": "2.0.1",
      "resolved": "https://registry.npm.taobao.org/level-concat-iterator/download/level-concat-iterator-2.0.1.tgz",
      "integrity": "sha1-HRAJzxCDQCUss4xR+XJzERk+YmM="
    },
    "level-errors": {
      "version": "2.0.1",
      "resolved": "https://registry.npm.taobao.org/level-errors/download/level-errors-2.0.1.tgz",
      "integrity": "sha1-ITKmd79OZ5zgKfUXwvF0MoAMBcg=",
      "requires": {
        "errno": "~0.1.1"
      }
    },
    "level-iterator-stream": {
      "version": "4.0.2",
      "resolved": "https://registry.npm.taobao.org/level-iterator-stream/download/level-iterator-stream-4.0.2.tgz",
      "integrity": "sha1-fOumm3E7DX4i/MDR8SjM3Iok95w=",
      "requires": {
        "inherits": "^2.0.4",
        "readable-stream": "^3.4.0",
        "xtend": "^4.0.2"
      },
      "dependencies": {
        "readable-stream": {
          "version": "3.4.0",
          "resolved": "https://registry.npm.taobao.org/readable-stream/download/readable-stream-3.4.0.tgz?cache=0&other_urls=https%3A%2F%2Fregistry.npm.taobao.org%2Freadable-stream%2Fdownload%2Freadable-stream-3.4.0.tgz",
          "integrity": "sha1-pRwmdUZY4KPCHb9ZFjvUW6b0R/w=",
          "requires": {
            "inherits": "^2.0.3",
            "string_decoder": "^1.1.1",
            "util-deprecate": "^1.0.1"
          }
        }
      }
    },
    "level-js": {
      "version": "4.0.1",
      "resolved": "https://registry.npm.taobao.org/level-js/download/level-js-4.0.1.tgz",
      "integrity": "sha1-O61X2LtG67p7E7x0QrVvS0XIouA=",
      "requires": {
        "abstract-leveldown": "~6.0.1",
        "immediate": "~3.2.3",
        "inherits": "^2.0.3",
        "ltgt": "^2.1.2",
        "typedarray-to-buffer": "~3.1.5"
      },
      "dependencies": {
        "immediate": {
          "version": "3.2.3",
          "resolved": "https://registry.npm.taobao.org/immediate/download/immediate-3.2.3.tgz",
          "integrity": "sha1-0UD6j2FGWb1lQSMwl92qwlzdmRw="
        }
      }
    },
    "level-packager": {
      "version": "5.1.0",
      "resolved": "https://registry.npm.taobao.org/level-packager/download/level-packager-5.1.0.tgz",
      "integrity": "sha1-nAHGyOI4DTGW1h5WvXnC7/Sp1cM=",
      "requires": {
        "encoding-down": "^6.3.0",
        "levelup": "^4.3.2"
      },
      "dependencies": {
        "levelup": {
          "version": "4.3.2",
          "resolved": "https://registry.npm.taobao.org/levelup/download/levelup-4.3.2.tgz",
          "integrity": "sha1-McWxsp8UbR011pLgGm2k0o+lXr0=",
          "requires": {
            "deferred-leveldown": "~5.3.0",
            "level-errors": "~2.0.0",
            "level-iterator-stream": "~4.0.0",
            "level-supports": "~1.0.0",
            "xtend": "~4.0.0"
          }
        }
      }
    },
    "level-supports": {
      "version": "1.0.1",
      "resolved": "https://registry.npm.taobao.org/level-supports/download/level-supports-1.0.1.tgz",
      "integrity": "sha1-L1MKWWg0xzAWIlIZiOLDa7d9Ei0=",
      "requires": {
        "xtend": "^4.0.2"
      }
    },
    "level-write-stream": {
      "version": "1.0.0",
      "resolved": "https://registry.npm.taobao.org/level-write-stream/download/level-write-stream-1.0.0.tgz",
      "integrity": "sha1-P3+7Z5pVE3wP6zA97nZuEu4Twdw=",
      "requires": {
        "end-stream": "~0.1.0"
      }
    },
    "leveldown": {
      "version": "5.0.2",
      "resolved": "https://registry.npm.taobao.org/leveldown/download/leveldown-5.0.2.tgz?cache=0&sync_timestamp=1572076002444&other_urls=https%3A%2F%2Fregistry.npm.taobao.org%2Fleveldown%2Fdownload%2Fleveldown-5.0.2.tgz",
      "integrity": "sha1-yO3CMIyKv4k//IHmarZTYRHK6Sw=",
      "requires": {
        "abstract-leveldown": "~6.0.0",
        "fast-future": "~1.0.2",
        "napi-macros": "~1.8.1",
        "node-gyp-build": "~3.8.0"
      }
    },
    "levelup": {
      "version": "4.0.2",
      "resolved": "https://registry.npm.taobao.org/levelup/download/levelup-4.0.2.tgz",
      "integrity": "sha1-vLjSjQqC7pfxxtAPIOptMsKAPFs=",
      "requires": {
        "deferred-leveldown": "~5.0.0",
        "level-errors": "~2.0.0",
        "level-iterator-stream": "~4.0.0",
        "xtend": "~4.0.0"
      },
      "dependencies": {
        "deferred-leveldown": {
          "version": "5.0.1",
          "resolved": "https://registry.npm.taobao.org/deferred-leveldown/download/deferred-leveldown-5.0.1.tgz",
          "integrity": "sha1-FkLrGLU137K2rE05+xCpy8/ROwk=",
          "requires": {
            "abstract-leveldown": "~6.0.0",
            "inherits": "^2.0.3"
          }
        }
      }
    },
    "ltgt": {
      "version": "2.2.1",
      "resolved": "https://registry.npm.taobao.org/ltgt/download/ltgt-2.2.1.tgz",
      "integrity": "sha1-81ypHEk/e3PaDgdJUwTxezH4fuU="
    },
    "napi-macros": {
      "version": "1.8.2",
      "resolved": "https://registry.npm.taobao.org/napi-macros/download/napi-macros-1.8.2.tgz",
      "integrity": "sha1-KZJlwdiqQBNRrQZ1EH11EijAPto="
    },
    "node-fetch": {
      "version": "2.4.1",
      "resolved": "https://registry.npm.taobao.org/node-fetch/download/node-fetch-2.4.1.tgz",
      "integrity": "sha1-suOPERe4rL7b4FJPBB+zF3GIJV0="
    },
    "node-gyp-build": {
      "version": "3.8.0",
      "resolved": "https://registry.npm.taobao.org/node-gyp-build/download/node-gyp-build-3.8.0.tgz",
      "integrity": "sha1-D1fv6xlx9ATfy/q5dcKE3nxw8Uo="
    },
    "normalize-path": {
      "version": "3.0.0",
      "resolved": "https://registry.npm.taobao.org/normalize-path/download/normalize-path-3.0.0.tgz",
      "integrity": "sha1-Dc1p/yOhybEf0JeDFmRKA4ghamU=",
      "dev": true
    },
    "opencollective-postinstall": {
      "version": "2.0.2",
      "resolved": "https://registry.npm.taobao.org/opencollective-postinstall/download/opencollective-postinstall-2.0.2.tgz",
      "integrity": "sha1-Vlfxvt5ptuM6RZObBh61PTxsOok="
    },
    "picomatch": {
      "version": "2.1.0",
      "resolved": "https://registry.npm.taobao.org/picomatch/download/picomatch-2.1.0.tgz",
      "integrity": "sha1-D9BC9WjQixrZ/y0+wPC/s8uA4Xc=",
      "dev": true
    },
    "pouchdb": {
      "version": "7.1.1",
      "resolved": "https://registry.npm.taobao.org/pouchdb/download/pouchdb-7.1.1.tgz",
      "integrity": "sha1-9fjc0fxED7dmUcsm9vxdl6Oc1s4=",
      "requires": {
        "argsarray": "0.0.1",
        "buffer-from": "1.1.0",
        "clone-buffer": "1.0.0",
        "double-ended-queue": "2.1.0-0",
        "fetch-cookie": "0.7.0",
        "immediate": "3.0.6",
        "inherits": "2.0.3",
        "level": "5.0.1",
        "level-codec": "9.0.1",
        "level-write-stream": "1.0.0",
        "leveldown": "5.0.2",
        "levelup": "4.0.2",
        "ltgt": "2.2.1",
        "node-fetch": "2.4.1",
        "readable-stream": "1.0.33",
        "spark-md5": "3.0.0",
        "through2": "3.0.1",
        "uuid": "3.2.1",
        "vuvuzela": "1.0.3"
      },
      "dependencies": {
        "inherits": {
          "version": "2.0.3",
          "resolved": "https://registry.npm.taobao.org/inherits/download/inherits-2.0.3.tgz?cache=0&other_urls=https%3A%2F%2Fregistry.npm.taobao.org%2Finherits%2Fdownload%2Finherits-2.0.3.tgz",
          "integrity": "sha1-Yzwsg+PaQqUC9SRmAiSA9CCCYd4="
        },
        "isarray": {
          "version": "0.0.1",
          "resolved": "https://registry.npm.taobao.org/isarray/download/isarray-0.0.1.tgz?cache=0&sync_timestamp=1562592096220&other_urls=https%3A%2F%2Fregistry.npm.taobao.org%2Fisarray%2Fdownload%2Fisarray-0.0.1.tgz",
          "integrity": "sha1-ihis/Kmo9Bd+Cav8YDiTmwXR7t8="
        },
        "readable-stream": {
          "version": "1.0.33",
          "resolved": "https://registry.npm.taobao.org/readable-stream/download/readable-stream-1.0.33.tgz?cache=0&other_urls=https%3A%2F%2Fregistry.npm.taobao.org%2Freadable-stream%2Fdownload%2Freadable-stream-1.0.33.tgz",
          "integrity": "sha1-OjYN1mwbHX/UcFOJhg7aHQ9hEmw=",
          "requires": {
            "core-util-is": "~1.0.0",
            "inherits": "~2.0.1",
            "isarray": "0.0.1",
            "string_decoder": "~0.10.x"
          }
        },
        "string_decoder": {
          "version": "0.10.31",
          "resolved": "https://registry.npm.taobao.org/string_decoder/download/string_decoder-0.10.31.tgz",
          "integrity": "sha1-YuIDvEF2bGwoyfyEMB2rHFMQ+pQ="
        },
        "uuid": {
          "version": "3.2.1",
          "resolved": "https://registry.npm.taobao.org/uuid/download/uuid-3.2.1.tgz?cache=0&sync_timestamp=1566221202613&other_urls=https%3A%2F%2Fregistry.npm.taobao.org%2Fuuid%2Fdownload%2Fuuid-3.2.1.tgz",
          "integrity": "sha1-EsUou51Y0LkmXZovbw/ovhf/HxQ="
        }
      }
    },
    "pouchdb-abstract-mapreduce": {
      "version": "7.1.1",
      "resolved": "https://registry.npm.taobao.org/pouchdb-abstract-mapreduce/download/pouchdb-abstract-mapreduce-7.1.1.tgz",
      "integrity": "sha1-8Rs8dLqtUKmmvt1ieD5k1zhYvbc=",
      "requires": {
        "pouchdb-binary-utils": "7.1.1",
        "pouchdb-collate": "7.1.1",
        "pouchdb-collections": "7.1.1",
        "pouchdb-errors": "7.1.1",
        "pouchdb-fetch": "7.1.1",
        "pouchdb-mapreduce-utils": "7.1.1",
        "pouchdb-md5": "7.1.1",
        "pouchdb-utils": "7.1.1"
      }
    },
    "pouchdb-binary-utils": {
      "version": "7.1.1",
      "resolved": "https://registry.npm.taobao.org/pouchdb-binary-utils/download/pouchdb-binary-utils-7.1.1.tgz",
      "integrity": "sha1-BPbE2DhdvOrT4QIxOaTXWG0gBd8=",
      "requires": {
        "buffer-from": "1.1.0"
      }
    },
    "pouchdb-collate": {
      "version": "7.1.1",
      "resolved": "https://registry.npm.taobao.org/pouchdb-collate/download/pouchdb-collate-7.1.1.tgz",
      "integrity": "sha1-6sG8goFGvEIm1uSqO9z2tJb7Dy0="
    },
    "pouchdb-collections": {
      "version": "7.1.1",
      "resolved": "https://registry.npm.taobao.org/pouchdb-collections/download/pouchdb-collections-7.1.1.tgz",
      "integrity": "sha1-T3cEiW5AVbo1QkHA/XW7t0RqgJ8="
    },
    "pouchdb-errors": {
      "version": "7.1.1",
      "resolved": "https://registry.npm.taobao.org/pouchdb-errors/download/pouchdb-errors-7.1.1.tgz",
      "integrity": "sha1-eZYDpG49/J7JQD/hFhAjakY1TPY=",
      "requires": {
        "inherits": "2.0.3"
      },
      "dependencies": {
        "inherits": {
          "version": "2.0.3",
          "resolved": "https://registry.npm.taobao.org/inherits/download/inherits-2.0.3.tgz?cache=0&other_urls=https%3A%2F%2Fregistry.npm.taobao.org%2Finherits%2Fdownload%2Finherits-2.0.3.tgz",
          "integrity": "sha1-Yzwsg+PaQqUC9SRmAiSA9CCCYd4="
        }
      }
    },
    "pouchdb-fetch": {
      "version": "7.1.1",
      "resolved": "https://registry.npm.taobao.org/pouchdb-fetch/download/pouchdb-fetch-7.1.1.tgz",
      "integrity": "sha1-iNlyy6RwIH0lT7j7NJH2SganGPc=",
      "requires": {
        "fetch-cookie": "0.7.0",
        "node-fetch": "2.4.1"
      }
    },
    "pouchdb-find": {
      "version": "7.1.1",
      "resolved": "https://registry.npm.taobao.org/pouchdb-find/download/pouchdb-find-7.1.1.tgz",
      "integrity": "sha1-OQ8FuphGfVLhbEYJ8WI+qapvnxE=",
      "requires": {
        "pouchdb-abstract-mapreduce": "7.1.1",
        "pouchdb-collate": "7.1.1",
        "pouchdb-errors": "7.1.1",
        "pouchdb-fetch": "7.1.1",
        "pouchdb-md5": "7.1.1",
        "pouchdb-selector-core": "7.1.1",
        "pouchdb-utils": "7.1.1"
      }
    },
    "pouchdb-mapreduce-utils": {
      "version": "7.1.1",
      "resolved": "https://registry.npm.taobao.org/pouchdb-mapreduce-utils/download/pouchdb-mapreduce-utils-7.1.1.tgz",
      "integrity": "sha1-5W0v/VcS0VwFVJdLmxzbR6OvISo=",
      "requires": {
        "argsarray": "0.0.1",
        "inherits": "2.0.3",
        "pouchdb-collections": "7.1.1",
        "pouchdb-utils": "7.1.1"
      },
      "dependencies": {
        "inherits": {
          "version": "2.0.3",
          "resolved": "https://registry.npm.taobao.org/inherits/download/inherits-2.0.3.tgz?cache=0&other_urls=https%3A%2F%2Fregistry.npm.taobao.org%2Finherits%2Fdownload%2Finherits-2.0.3.tgz",
          "integrity": "sha1-Yzwsg+PaQqUC9SRmAiSA9CCCYd4="
        }
      }
    },
    "pouchdb-md5": {
      "version": "7.1.1",
      "resolved": "https://registry.npm.taobao.org/pouchdb-md5/download/pouchdb-md5-7.1.1.tgz",
      "integrity": "sha1-Vg6Gi6HBbfa+Wy4ZJK+d9akaxmk=",
      "requires": {
        "pouchdb-binary-utils": "7.1.1",
        "spark-md5": "3.0.0"
      }
    },
    "pouchdb-selector-core": {
      "version": "7.1.1",
      "resolved": "https://registry.npm.taobao.org/pouchdb-selector-core/download/pouchdb-selector-core-7.1.1.tgz",
      "integrity": "sha1-bxUzrQBYfL8Yl1m1xhLjV39UUz4=",
      "requires": {
        "pouchdb-collate": "7.1.1",
        "pouchdb-utils": "7.1.1"
      }
    },
    "pouchdb-utils": {
      "version": "7.1.1",
      "resolved": "https://registry.npm.taobao.org/pouchdb-utils/download/pouchdb-utils-7.1.1.tgz",
      "integrity": "sha1-ppmfc8ifMa/EOnGBnMCoLZXrKfs=",
      "requires": {
        "argsarray": "0.0.1",
        "clone-buffer": "1.0.0",
        "immediate": "3.0.6",
        "inherits": "2.0.3",
        "pouchdb-collections": "7.1.1",
        "pouchdb-errors": "7.1.1",
        "pouchdb-md5": "7.1.1",
        "uuid": "3.2.1"
      },
      "dependencies": {
        "inherits": {
          "version": "2.0.3",
          "resolved": "https://registry.npm.taobao.org/inherits/download/inherits-2.0.3.tgz?cache=0&other_urls=https%3A%2F%2Fregistry.npm.taobao.org%2Finherits%2Fdownload%2Finherits-2.0.3.tgz",
          "integrity": "sha1-Yzwsg+PaQqUC9SRmAiSA9CCCYd4="
        },
        "uuid": {
          "version": "3.2.1",
          "resolved": "https://registry.npm.taobao.org/uuid/download/uuid-3.2.1.tgz?cache=0&sync_timestamp=1566221202613&other_urls=https%3A%2F%2Fregistry.npm.taobao.org%2Fuuid%2Fdownload%2Fuuid-3.2.1.tgz",
          "integrity": "sha1-EsUou51Y0LkmXZovbw/ovhf/HxQ="
        }
      }
    },
    "process-nextick-args": {
      "version": "2.0.1",
      "resolved": "https://registry.npm.taobao.org/process-nextick-args/download/process-nextick-args-2.0.1.tgz",
      "integrity": "sha1-eCDZsWEgzFXKmud5JoCufbptf+I="
    },
    "prr": {
      "version": "1.0.1",
      "resolved": "https://registry.npm.taobao.org/prr/download/prr-1.0.1.tgz",
      "integrity": "sha1-0/wRS6BplaRexok/SEzrHXj19HY="
    },
    "psl": {
      "version": "1.4.0",
      "resolved": "https://registry.npm.taobao.org/psl/download/psl-1.4.0.tgz",
      "integrity": "sha1-XdJhVs22n6H9uKsZkWZ9P4DO18I="
    },
    "readable-stream": {
      "version": "2.3.6",
      "resolved": "https://registry.npm.taobao.org/readable-stream/download/readable-stream-2.3.6.tgz?cache=0&other_urls=https%3A%2F%2Fregistry.npm.taobao.org%2Freadable-stream%2Fdownload%2Freadable-stream-2.3.6.tgz",
      "integrity": "sha1-sRwn2IuP8fvgcGQ8+UsMea4bCq8=",
      "requires": {
        "core-util-is": "~1.0.0",
        "inherits": "~2.0.3",
        "isarray": "~1.0.0",
        "process-nextick-args": "~2.0.0",
        "safe-buffer": "~5.1.1",
        "string_decoder": "~1.1.1",
        "util-deprecate": "~1.0.1"
      }
    },
    "readdirp": {
      "version": "3.2.0",
      "resolved": "https://registry.npm.taobao.org/readdirp/download/readdirp-3.2.0.tgz",
      "integrity": "sha1-wwwzNSsSyW37S4lUIaSf1alZODk=",
      "dev": true,
      "requires": {
        "picomatch": "^2.0.4"
      }
    },
    "safe-buffer": {
      "version": "5.1.2",
      "resolved": "https://registry.npm.taobao.org/safe-buffer/download/safe-buffer-5.1.2.tgz",
      "integrity": "sha1-mR7GnSluAxN0fVm9/St0XDX4go0="
    },
    "sass": {
      "version": "1.23.3",
      "resolved": "https://registry.npm.taobao.org/sass/download/sass-1.23.3.tgz?cache=0&sync_timestamp=1572591296251&other_urls=https%3A%2F%2Fregistry.npm.taobao.org%2Fsass%2Fdownload%2Fsass-1.23.3.tgz",
      "integrity": "sha1-8HUDuejSvPBu9p6L7qXQhVibFiA=",
      "dev": true,
      "requires": {
        "chokidar": ">=2.0.0 <4.0.0"
      }
    },
    "spark-md5": {
      "version": "3.0.0",
      "resolved": "https://registry.npm.taobao.org/spark-md5/download/spark-md5-3.0.0.tgz",
      "integrity": "sha1-NyIifFTi+vJLHcbZM8wUTm9xv+8="
    },
    "string_decoder": {
      "version": "1.1.1",
      "resolved": "https://registry.npm.taobao.org/string_decoder/download/string_decoder-1.1.1.tgz",
      "integrity": "sha1-nPFhG6YmhdcDCunkujQUnDrwP8g=",
      "requires": {
        "safe-buffer": "~5.1.0"
      }
    },
    "through2": {
      "version": "3.0.1",
      "resolved": "https://registry.npm.taobao.org/through2/download/through2-3.0.1.tgz",
      "integrity": "sha1-OSducTwzAu3544jdnIEt07glvVo=",
      "requires": {
        "readable-stream": "2 || 3"
      }
    },
    "to-regex-range": {
      "version": "5.0.1",
      "resolved": "https://registry.npm.taobao.org/to-regex-range/download/to-regex-range-5.0.1.tgz",
      "integrity": "sha1-FkjESq58jZiKMmAY7XL1tN0DkuQ=",
      "dev": true,
      "requires": {
        "is-number": "^7.0.0"
      }
    },
    "tough-cookie": {
      "version": "2.4.3",
      "resolved": "https://registry.npm.taobao.org/tough-cookie/download/tough-cookie-2.4.3.tgz",
      "integrity": "sha1-U/Nto/R3g7CSWvoG/587FlKA94E=",
      "requires": {
        "psl": "^1.1.24",
        "punycode": "^1.4.1"
      },
      "dependencies": {
        "punycode": {
          "version": "1.4.1",
          "resolved": "https://registry.npm.taobao.org/punycode/download/punycode-1.4.1.tgz",
          "integrity": "sha1-wNWmOycYgArY4esPpSachN1BhF4="
        }
      }
    },
    "typedarray-to-buffer": {
      "version": "3.1.5",
      "resolved": "https://registry.npm.taobao.org/typedarray-to-buffer/download/typedarray-to-buffer-3.1.5.tgz",
      "integrity": "sha1-qX7nqf9CaRufeD/xvFES/j/KkIA=",
      "requires": {
        "is-typedarray": "^1.0.0"
      }
    },
    "util-deprecate": {
      "version": "1.0.2",
      "resolved": "https://registry.npm.taobao.org/util-deprecate/download/util-deprecate-1.0.2.tgz",
      "integrity": "sha1-RQ1Nyfpw3nMnYvvS1KKJgUGaDM8="
    },
    "vuvuzela": {
      "version": "1.0.3",
      "resolved": "https://registry.npm.taobao.org/vuvuzela/download/vuvuzela-1.0.3.tgz",
      "integrity": "sha1-O+FF5YJxxzylUnndhR8SpoIRSws="
    },
    "write-stream": {
      "version": "0.4.3",
      "resolved": "https://registry.npm.taobao.org/write-stream/download/write-stream-0.4.3.tgz",
      "integrity": "sha1-g8yMA0fQr2BXqThitOOuAd5cgcE=",
      "requires": {
        "readable-stream": "~0.0.2"
      },
      "dependencies": {
        "readable-stream": {
          "version": "0.0.4",
          "resolved": "https://registry.npm.taobao.org/readable-stream/download/readable-stream-0.0.4.tgz?cache=0&other_urls=https%3A%2F%2Fregistry.npm.taobao.org%2Freadable-stream%2Fdownload%2Freadable-stream-0.0.4.tgz",
          "integrity": "sha1-8y124/uGM0SlSNeZIwBxc2ZbO40="
        }
      }
    },
    "xtend": {
      "version": "4.0.2",
      "resolved": "https://registry.npm.taobao.org/xtend/download/xtend-4.0.2.tgz",
      "integrity": "sha1-u3J3n1+kZRhrH0OPZ0+jR/2121Q="
    }
  }
}
